// !$*UTF8*$!
{
	archiveVersion = 1;
	classes = {
	};
	objectVersion = 50;
	objects = {

/* Begin PBXBuildFile section */
		534DD5F421D999A600A71209 /* AppDelegate.swift in Sources */ = {isa = PBXBuildFile; fileRef = 534DD5F321D999A600A71209 /* AppDelegate.swift */; };
		534DD5F821D999A700A71209 /* Assets.xcassets in Resources */ = {isa = PBXBuildFile; fileRef = 534DD5F721D999A700A71209 /* Assets.xcassets */; };
		534DD5FB21D999A700A71209 /* Main.storyboard in Resources */ = {isa = PBXBuildFile; fileRef = 534DD5F921D999A700A71209 /* Main.storyboard */; };
		534DD60421D99E4400A71209 /* EditControlView.swift in Sources */ = {isa = PBXBuildFile; fileRef = 534DD60321D99E4400A71209 /* EditControlView.swift */; };
		534DD60621D99F4100A71209 /* EditTextView.swift in Sources */ = {isa = PBXBuildFile; fileRef = 534DD60521D99F4100A71209 /* EditTextView.swift */; };
		534DD60821D99FFF00A71209 /* EditTextViewController.swift in Sources */ = {isa = PBXBuildFile; fileRef = 534DD60721D99FFF00A71209 /* EditTextViewController.swift */; };
		534DD60A21D9A19B00A71209 /* FilesViewController.swift in Sources */ = {isa = PBXBuildFile; fileRef = 534DD60921D9A19B00A71209 /* FilesViewController.swift */; };
		534DD60C21D9DA0400A71209 /* FilesDropView.swift in Sources */ = {isa = PBXBuildFile; fileRef = 534DD60B21D9DA0400A71209 /* FilesDropView.swift */; };
		53B72DCD21E08BE000CA46BA /* URL+Extension.swift in Sources */ = {isa = PBXBuildFile; fileRef = 53B72DCC21E08BE000CA46BA /* URL+Extension.swift */; };
		53B72DCF21E08D5200CA46BA /* Buffer.swift in Sources */ = {isa = PBXBuildFile; fileRef = 53B72DCE21E08D5200CA46BA /* Buffer.swift */; };
		53FEE6BA21DF3510003474DF /* MainWindowController.swift in Sources */ = {isa = PBXBuildFile; fileRef = 53FEE6B921DF3510003474DF /* MainWindowController.swift */; };
/* End PBXBuildFile section */

/* Begin PBXFileReference section */
		534DD5F021D999A600A71209 /* Zedit.app */ = {isa = PBXFileReference; explicitFileType = wrapper.application; includeInIndex = 0; path = Zedit.app; sourceTree = BUILT_PRODUCTS_DIR; };
		534DD5F321D999A600A71209 /* AppDelegate.swift */ = {isa = PBXFileReference; lastKnownFileType = sourcecode.swift; path = AppDelegate.swift; sourceTree = "<group>"; };
		534DD5F721D999A700A71209 /* Assets.xcassets */ = {isa = PBXFileReference; lastKnownFileType = folder.assetcatalog; path = Assets.xcassets; sourceTree = "<group>"; };
		534DD5FA21D999A700A71209 /* Base */ = {isa = PBXFileReference; lastKnownFileType = file.storyboard; name = Base; path = Base.lproj/Main.storyboard; sourceTree = "<group>"; };
		534DD5FC21D999A700A71209 /* Info.plist */ = {isa = PBXFileReference; lastKnownFileType = text.plist.xml; path = Info.plist; sourceTree = "<group>"; };
		534DD5FD21D999A700A71209 /* Zedit.entitlements */ = {isa = PBXFileReference; lastKnownFileType = text.plist.entitlements; path = Zedit.entitlements; sourceTree = "<group>"; };
		534DD60321D99E4400A71209 /* EditControlView.swift */ = {isa = PBXFileReference; lastKnownFileType = sourcecode.swift; path = EditControlView.swift; sourceTree = "<group>"; };
		534DD60521D99F4100A71209 /* EditTextView.swift */ = {isa = PBXFileReference; lastKnownFileType = sourcecode.swift; path = EditTextView.swift; sourceTree = "<group>"; };
		534DD60721D99FFF00A71209 /* EditTextViewController.swift */ = {isa = PBXFileReference; fileEncoding = 4; lastKnownFileType = sourcecode.swift; path = EditTextViewController.swift; sourceTree = "<group>"; };
		534DD60921D9A19B00A71209 /* FilesViewController.swift */ = {isa = PBXFileReference; lastKnownFileType = sourcecode.swift; path = FilesViewController.swift; sourceTree = "<group>"; };
		534DD60B21D9DA0400A71209 /* FilesDropView.swift */ = {isa = PBXFileReference; lastKnownFileType = sourcecode.swift; path = FilesDropView.swift; sourceTree = "<group>"; };
		53B72DCC21E08BE000CA46BA /* URL+Extension.swift */ = {isa = PBXFileReference; lastKnownFileType = sourcecode.swift; path = "URL+Extension.swift"; sourceTree = "<group>"; };
		53B72DCE21E08D5200CA46BA /* Buffer.swift */ = {isa = PBXFileReference; lastKnownFileType = sourcecode.swift; path = Buffer.swift; sourceTree = "<group>"; };
		53FEE6B921DF3510003474DF /* MainWindowController.swift */ = {isa = PBXFileReference; lastKnownFileType = sourcecode.swift; path = MainWindowController.swift; sourceTree = "<group>"; };
/* End PBXFileReference section */

/* Begin PBXFrameworksBuildPhase section */
		534DD5ED21D999A600A71209 /* Frameworks */ = {
			isa = PBXFrameworksBuildPhase;
			buildActionMask = 2147483647;
			files = (
			);
			runOnlyForDeploymentPostprocessing = 0;
		};
/* End PBXFrameworksBuildPhase section */

/* Begin PBXGroup section */
		534DD5E721D999A600A71209 = {
			isa = PBXGroup;
			children = (
				534DD5F221D999A600A71209 /* Zedit */,
				534DD5F121D999A600A71209 /* Products */,
			);
			sourceTree = "<group>";
		};
		534DD5F121D999A600A71209 /* Products */ = {
			isa = PBXGroup;
			children = (
				534DD5F021D999A600A71209 /* Zedit.app */,
			);
			name = Products;
			sourceTree = "<group>";
		};
		534DD5F221D999A600A71209 /* Zedit */ = {
			isa = PBXGroup;
			children = (
				534DD5F321D999A600A71209 /* AppDelegate.swift */,
				53FEE6B921DF3510003474DF /* MainWindowController.swift */,
				534DD60321D99E4400A71209 /* EditControlView.swift */,
				534DD60521D99F4100A71209 /* EditTextView.swift */,
				534DD60721D99FFF00A71209 /* EditTextViewController.swift */,
				534DD60921D9A19B00A71209 /* FilesViewController.swift */,
				534DD60B21D9DA0400A71209 /* FilesDropView.swift */,
				53B72DD021E090A400CA46BA /* Model */,
				53B72DD221E090D900CA46BA /* Extensions */,
				53B72DD121E090BE00CA46BA /* Support Files */,
			);
			path = Zedit;
			sourceTree = "<group>";
		};
		53B72DD021E090A400CA46BA /* Model */ = {
			isa = PBXGroup;
			children = (
				53B72DCE21E08D5200CA46BA /* Buffer.swift */,
			);
			path = Model;
			sourceTree = "<group>";
		};
		53B72DD121E090BE00CA46BA /* Support Files */ = {
			isa = PBXGroup;
			children = (
				534DD5F721D999A700A71209 /* Assets.xcassets */,
				534DD5F921D999A700A71209 /* Main.storyboard */,
				534DD5FC21D999A700A71209 /* Info.plist */,
				534DD5FD21D999A700A71209 /* Zedit.entitlements */,
			);
			name = "Support Files";
			sourceTree = "<group>";
		};
		53B72DD221E090D900CA46BA /* Extensions */ = {
			isa = PBXGroup;
			children = (
				53B72DCC21E08BE000CA46BA /* URL+Extension.swift */,
			);
			path = Extensions;
			sourceTree = "<group>";
		};
/* End PBXGroup section */

/* Begin PBXNativeTarget section */
		534DD5EF21D999A600A71209 /* Zedit */ = {
			isa = PBXNativeTarget;
			buildConfigurationList = 534DD60021D999A700A71209 /* Build configuration list for PBXNativeTarget "Zedit" */;
			buildPhases = (
				534DD5EC21D999A600A71209 /* Sources */,
				534DD5ED21D999A600A71209 /* Frameworks */,
				534DD5EE21D999A600A71209 /* Resources */,
			);
			buildRules = (
			);
			dependencies = (
			);
			name = Zedit;
			productName = Zedit;
			productReference = 534DD5F021D999A600A71209 /* Zedit.app */;
			productType = "com.apple.product-type.application";
		};
/* End PBXNativeTarget section */

/* Begin PBXProject section */
		534DD5E821D999A600A71209 /* Project object */ = {
			isa = PBXProject;
			attributes = {
				LastSwiftUpdateCheck = 1010;
				LastUpgradeCheck = 1010;
				ORGANIZATIONNAME = Zentrope;
				TargetAttributes = {
					534DD5EF21D999A600A71209 = {
						CreatedOnToolsVersion = 10.1;
						SystemCapabilities = {
							com.apple.Sandbox = {
								enabled = 0;
							};
						};
					};
				};
			};
			buildConfigurationList = 534DD5EB21D999A600A71209 /* Build configuration list for PBXProject "Zedit" */;
			compatibilityVersion = "Xcode 9.3";
			developmentRegion = en;
			hasScannedForEncodings = 0;
			knownRegions = (
				en,
				Base,
			);
			mainGroup = 534DD5E721D999A600A71209;
			productRefGroup = 534DD5F121D999A600A71209 /* Products */;
			projectDirPath = "";
			projectRoot = "";
			targets = (
				534DD5EF21D999A600A71209 /* Zedit */,
			);
		};
/* End PBXProject section */

/* Begin PBXResourcesBuildPhase section */
		534DD5EE21D999A600A71209 /* Resources */ = {
			isa = PBXResourcesBuildPhase;
			buildActionMask = 2147483647;
			files = (
				534DD5F821D999A700A71209 /* Assets.xcassets in Resources */,
				534DD5FB21D999A700A71209 /* Main.storyboard in Resources */,
			);
			runOnlyForDeploymentPostprocessing = 0;
		};
/* End PBXResourcesBuildPhase section */

/* Begin PBXSourcesBuildPhase section */
		534DD5EC21D999A600A71209 /* Sources */ = {
			isa = PBXSourcesBuildPhase;
			buildActionMask = 2147483647;
			files = (
				534DD5F421D999A600A71209 /* AppDelegate.swift in Sources */,
				53FEE6BA21DF3510003474DF /* MainWindowController.swift in Sources */,
				534DD60421D99E4400A71209 /* EditControlView.swift in Sources */,
				534DD60621D99F4100A71209 /* EditTextView.swift in Sources */,
				53B72DCD21E08BE000CA46BA /* URL+Extension.swift in Sources */,
				534DD60A21D9A19B00A71209 /* FilesViewController.swift in Sources */,
				534DD60821D99FFF00A71209 /* EditTextViewController.swift in Sources */,
				534DD60C21D9DA0400A71209 /* FilesDropView.swift in Sources */,
				53B72DCF21E08D5200CA46BA /* Buffer.swift in Sources */,
			);
			runOnlyForDeploymentPostprocessing = 0;
		};
/* End PBXSourcesBuildPhase section */

/* Begin PBXVariantGroup section */
		534DD5F921D999A700A71209 /* Main.storyboard */ = {
			isa = PBXVariantGroup;
			children = (
				534DD5FA21D999A700A71209 /* Base */,
			);
			name = Main.storyboard;
			sourceTree = "<group>";
		};
/* End PBXVariantGroup section */

/* Begin XCBuildConfiguration section */
		534DD5FE21D999A700A71209 /* Debug */ = {
			isa = XCBuildConfiguration;
			buildSettings = {
				ALWAYS_SEARCH_USER_PATHS = NO;
				CLANG_ANALYZER_NONNULL = YES;
				CLANG_ANALYZER_NUMBER_OBJECT_CONVERSION = YES_AGGRESSIVE;
				CLANG_CXX_LANGUAGE_STANDARD = "gnu++14";
				CLANG_CXX_LIBRARY = "libc++";
				CLANG_ENABLE_MODULES = YES;
				CLANG_ENABLE_OBJC_ARC = YES;
				CLANG_ENABLE_OBJC_WEAK = YES;
				CLANG_WARN_BLOCK_CAPTURE_AUTORELEASING = YES;
				CLANG_WARN_BOOL_CONVERSION = YES;
				CLANG_WARN_COMMA = YES;
				CLANG_WARN_CONSTANT_CONVERSION = YES;
				CLANG_WARN_DEPRECATED_OBJC_IMPLEMENTATIONS = YES;
				CLANG_WARN_DIRECT_OBJC_ISA_USAGE = YES_ERROR;
				CLANG_WARN_DOCUMENTATION_COMMENTS = YES;
				CLANG_WARN_EMPTY_BODY = YES;
				CLANG_WARN_ENUM_CONVERSION = YES;
				CLANG_WARN_INFINITE_RECURSION = YES;
				CLANG_WARN_INT_CONVERSION = YES;
				CLANG_WARN_NON_LITERAL_NULL_CONVERSION = YES;
				CLANG_WARN_OBJC_IMPLICIT_RETAIN_SELF = YES;
				CLANG_WARN_OBJC_LITERAL_CONVERSION = YES;
				CLANG_WARN_OBJC_ROOT_CLASS = YES_ERROR;
				CLANG_WARN_RANGE_LOOP_ANALYSIS = YES;
				CLANG_WARN_STRICT_PROTOTYPES = YES;
				CLANG_WARN_SUSPICIOUS_MOVE = YES;
				CLANG_WARN_UNGUARDED_AVAILABILITY = YES_AGGRESSIVE;
				CLANG_WARN_UNREACHABLE_CODE = YES;
				CLANG_WARN__DUPLICATE_METHOD_MATCH = YES;
				CODE_SIGN_IDENTITY = "Mac Developer";
				COPY_PHASE_STRIP = NO;
				DEBUG_INFORMATION_FORMAT = dwarf;
				ENABLE_STRICT_OBJC_MSGSEND = YES;
				ENABLE_TESTABILITY = YES;
				GCC_C_LANGUAGE_STANDARD = gnu11;
				GCC_DYNAMIC_NO_PIC = NO;
				GCC_NO_COMMON_BLOCKS = YES;
				GCC_OPTIMIZATION_LEVEL = 0;
				GCC_PREPROCESSOR_DEFINITIONS = (
					"DEBUG=1",
					"$(inherited)",
				);
				GCC_WARN_64_TO_32_BIT_CONVERSION = YES;
				GCC_WARN_ABOUT_RETURN_TYPE = YES_ERROR;
				GCC_WARN_UNDECLARED_SELECTOR = YES;
				GCC_WARN_UNINITIALIZED_AUTOS = YES_AGGRESSIVE;
				GCC_WARN_UNUSED_FUNCTION = YES;
				GCC_WARN_UNUSED_VARIABLE = YES;
				MACOSX_DEPLOYMENT_TARGET = 10.14;
				MTL_ENABLE_DEBUG_INFO = INCLUDE_SOURCE;
				MTL_FAST_MATH = YES;
				ONLY_ACTIVE_ARCH = YES;
				SDKROOT = macosx;
				SWIFT_ACTIVE_COMPILATION_CONDITIONS = DEBUG;
				SWIFT_OPTIMIZATION_LEVEL = "-Onone";
			};
			name = Debug;
		};
		534DD5FF21D999A700A71209 /* Release */ = {
			isa = XCBuildConfiguration;
			buildSettings = {
				ALWAYS_SEARCH_USER_PATHS = NO;
				CLANG_ANALYZER_NONNULL = YES;
				CLANG_ANALYZER_NUMBER_OBJECT_CONVERSION = YES_AGGRESSIVE;
				CLANG_CXX_LANGUAGE_STANDARD = "gnu++14";
				CLANG_CXX_LIBRARY = "libc++";
				CLANG_ENABLE_MODULES = YES;
				CLANG_ENABLE_OBJC_ARC = YES;
				CLANG_ENABLE_OBJC_WEAK = YES;
				CLANG_WARN_BLOCK_CAPTURE_AUTORELEASING = YES;
				CLANG_WARN_BOOL_CONVERSION = YES;
				CLANG_WARN_COMMA = YES;
				CLANG_WARN_CONSTANT_CONVERSION = YES;
				CLANG_WARN_DEPRECATED_OBJC_IMPLEMENTATIONS = YES;
				CLANG_WARN_DIRECT_OBJC_ISA_USAGE = YES_ERROR;
				CLANG_WARN_DOCUMENTATION_COMMENTS = YES;
				CLANG_WARN_EMPTY_BODY = YES;
				CLANG_WARN_ENUM_CONVERSION = YES;
				CLANG_WARN_INFINITE_RECURSION = YES;
				CLANG_WARN_INT_CONVERSION = YES;
				CLANG_WARN_NON_LITERAL_NULL_CONVERSION = YES;
				CLANG_WARN_OBJC_IMPLICIT_RETAIN_SELF = YES;
				CLANG_WARN_OBJC_LITERAL_CONVERSION = YES;
				CLANG_WARN_OBJC_ROOT_CLASS = YES_ERROR;
				CLANG_WARN_RANGE_LOOP_ANALYSIS = YES;
				CLANG_WARN_STRICT_PROTOTYPES = YES;
				CLANG_WARN_SUSPICIOUS_MOVE = YES;
				CLANG_WARN_UNGUARDED_AVAILABILITY = YES_AGGRESSIVE;
				CLANG_WARN_UNREACHABLE_CODE = YES;
				CLANG_WARN__DUPLICATE_METHOD_MATCH = YES;
				CODE_SIGN_IDENTITY = "Mac Developer";
				COPY_PHASE_STRIP = NO;
				DEBUG_INFORMATION_FORMAT = "dwarf-with-dsym";
				ENABLE_NS_ASSERTIONS = NO;
				ENABLE_STRICT_OBJC_MSGSEND = YES;
				GCC_C_LANGUAGE_STANDARD = gnu11;
				GCC_NO_COMMON_BLOCKS = YES;
				GCC_WARN_64_TO_32_BIT_CONVERSION = YES;
				GCC_WARN_ABOUT_RETURN_TYPE = YES_ERROR;
				GCC_WARN_UNDECLARED_SELECTOR = YES;
				GCC_WARN_UNINITIALIZED_AUTOS = YES_AGGRESSIVE;
				GCC_WARN_UNUSED_FUNCTION = YES;
				GCC_WARN_UNUSED_VARIABLE = YES;
				MACOSX_DEPLOYMENT_TARGET = 10.14;
				MTL_ENABLE_DEBUG_INFO = NO;
				MTL_FAST_MATH = YES;
				SDKROOT = macosx;
				SWIFT_COMPILATION_MODE = wholemodule;
				SWIFT_OPTIMIZATION_LEVEL = "-O";
			};
			name = Release;
		};
		534DD60121D999A700A71209 /* Debug */ = {
			isa = XCBuildConfiguration;
			buildSettings = {
				ASSETCATALOG_COMPILER_APPICON_NAME = AppIcon;
				CODE_SIGN_STYLE = Automatic;
				COMBINE_HIDPI_IMAGES = YES;
				DEVELOPMENT_TEAM = 5Y5389EUC6;
				INFOPLIST_FILE = Zedit/Info.plist;
				LD_RUNPATH_SEARCH_PATHS = (
					"$(inherited)",
					"@executable_path/../Frameworks",
				);
				PRODUCT_BUNDLE_IDENTIFIER = com.zentrope.Zedit;
				PRODUCT_NAME = "$(TARGET_NAME)";
				SWIFT_VERSION = 4.2;
			};
			name = Debug;
		};
		534DD60221D999A700A71209 /* Release */ = {
			isa = XCBuildConfiguration;
			buildSettings = {
				ASSETCATALOG_COMPILER_APPICON_NAME = AppIcon;
				CODE_SIGN_STYLE = Automatic;
				COMBINE_HIDPI_IMAGES = YES;
				DEVELOPMENT_TEAM = 5Y5389EUC6;
				INFOPLIST_FILE = Zedit/Info.plist;
				LD_RUNPATH_SEARCH_PATHS = (
					"$(inherited)",
					"@executable_path/../Frameworks",
				);
				PRODUCT_BUNDLE_IDENTIFIER = com.zentrope.Zedit;
				PRODUCT_NAME = "$(TARGET_NAME)";
				SWIFT_VERSION = 4.2;
			};
			name = Release;
		};
/* End XCBuildConfiguration section */

/* Begin XCConfigurationList section */
		534DD5EB21D999A600A71209 /* Build configuration list for PBXProject "Zedit" */ = {
			isa = XCConfigurationList;
			buildConfigurations = (
				534DD5FE21D999A700A71209 /* Debug */,
				534DD5FF21D999A700A71209 /* Release */,
			);
			defaultConfigurationIsVisible = 0;
			defaultConfigurationName = Release;
		};
		534DD60021D999A700A71209 /* Build configuration list for PBXNativeTarget "Zedit" */ = {
			isa = XCConfigurationList;
			buildConfigurations = (
				534DD60121D999A700A71209 /* Debug */,
				534DD60221D999A700A71209 /* Release */,
			);
			defaultConfigurationIsVisible = 0;
			defaultConfigurationName = Release;
		};
/* End XCConfigurationList section */
	};
	rootObject = 534DD5E821D999A600A71209 /* Project object */;
}
